
Microsoft Visual Studio Solution File, Format Version 12.00
# Visual Studio 15
VisualStudioVersion = 15.0.28307.106
MinimumVisualStudioVersion = 10.0.40219.1
Project("{FAE04EC0-301F-11D3-BF4B-00C04F79EFBC}") = "ASP.NET Core 2.1 with Angular 71", "ASP.NET Core 2.1 with Angular 71\ASP.NET Core 2.1 with Angular 71.csproj", "{C2400530-10B6-448F-B5BC-52C290AEE73F}"
EndProject
Global
	GlobalSection(SolutionConfigurationPlatforms) = preSolution
		Debug|Any CPU = Debug|Any CPU
		Release|Any CPU = Release|Any CPU
	EndGlobalSection
	GlobalSection(ProjectConfigurationPlatforms) = postSolution
		{C2400530-10B6-448F-B5BC-52C290AEE73F}.Debug|Any CPU.ActiveCfg = Debug|Any CPU
		{C2400530-10B6-448F-B5BC-52C290AEE73F}.Debug|Any CPU.Build.0 = Debug|Any CPU
		{C2400530-10B6-448F-B5BC-52C290AEE73F}.Release|Any CPU.ActiveCfg = Release|Any CPU
		{C2400530-10B6-448F-B5BC-52C290AEE73F}.Release|Any CPU.Build.0 = Release|Any CPU
	EndGlobalSection
	GlobalSection(SolutionProperties) = preSolution
		HideSolutionNode = FALSE
	EndGlobalSection
	GlobalSection(ExtensibilityGlobals) = postSolution
		SolutionGuid = {54928BB5-C902-4965-9E2E-C7338E5CE414}
	EndGlobalSection
EndGlobal
